
Microsoft Visual Studio Solution File, Format Version 12.00
# Visual Studio Version 17
VisualStudioVersion = 17.9.34723.18
MinimumVisualStudioVersion = 10.0.40219.1
Project("{FAE04EC0-301F-11D3-BF4B-00C04F79EFBC}") = "Alcuino.ConsoleWriter472.Test", "Alcuino.ConsoleWriter472.Test\Alcuino.ConsoleWriter472.Test.csproj", "{EECFD3CC-4910-484E-AC92-423DB08B2EC1}"
EndProject
Project("{FAE04EC0-301F-11D3-BF4B-00C04F79EFBC}") = "Alcuino.ConsoleWriter472", "Alcuino.ConsoleWriter472\Alcuino.ConsoleWriter472.csproj", "{52AF1F19-571D-47E0-AAEA-E33606CC3434}"
EndProject
Global
	GlobalSection(SolutionConfigurationPlatforms) = preSolution
		Debug|Any CPU = Debug|Any CPU
		Release|Any CPU = Release|Any CPU
	EndGlobalSection
	GlobalSection(ProjectConfigurationPlatforms) = postSolution
		{EECFD3CC-4910-484E-AC92-423DB08B2EC1}.Debug|Any CPU.ActiveCfg = Debug|Any CPU
		{EECFD3CC-4910-484E-AC92-423DB08B2EC1}.Debug|Any CPU.Build.0 = Debug|Any CPU
		{EECFD3CC-4910-484E-AC92-423DB08B2EC1}.Release|Any CPU.ActiveCfg = Release|Any CPU
		{EECFD3CC-4910-484E-AC92-423DB08B2EC1}.Release|Any CPU.Build.0 = Release|Any CPU
		{52AF1F19-571D-47E0-AAEA-E33606CC3434}.Debug|Any CPU.ActiveCfg = Debug|Any CPU
		{52AF1F19-571D-47E0-AAEA-E33606CC3434}.Debug|Any CPU.Build.0 = Debug|Any CPU
		{52AF1F19-571D-47E0-AAEA-E33606CC3434}.Release|Any CPU.ActiveCfg = Release|Any CPU
		{52AF1F19-571D-47E0-AAEA-E33606CC3434}.Release|Any CPU.Build.0 = Release|Any CPU
	EndGlobalSection
	GlobalSection(SolutionProperties) = preSolution
		HideSolutionNode = FALSE
	EndGlobalSection
	GlobalSection(ExtensibilityGlobals) = postSolution
		SolutionGuid = {9010003B-A354-4FCC-8693-BF58E342606F}
	EndGlobalSection
EndGlobal
